{
  "version": "5",
  "specifiers": {
    "jsr:@b-fuze/deno-dom@0.1.56": "0.1.56"
  },
  "jsr": {
    "@b-fuze/deno-dom@0.1.56": {
      "integrity": "8030e2dc1d8750f1682b53462ab893d9c3470f2287feecbe22f44a88c54ab148"
    }
  },
  "workspace": {
    "packageJson": {
      "dependencies": [
        "npm:@eslint/js@^9.39.5",
        "npm:eslint@^10.9.1"
      ]
    }
  }
}
